
Microsoft Visual Studio Solution File, Format Version 12.00
# Visual Studio Version 16
VisualStudioVersion = 16.0.31702.278
MinimumVisualStudioVersion = 10.0.40219.1
Project("{9A19103F-16F7-4668-BE54-9A1E7A4F7556}") = "Advertisement", "ConsoleApp1\Advertisement.csproj", "{2C3C0918-1D06-4822-90E5-909381AE3EF0}"
EndProject
Global
	GlobalSection(SolutionConfigurationPlatforms) = preSolution
		Debug|Any CPU = Debug|Any CPU
		Release|Any CPU = Release|Any CPU
	EndGlobalSection
	GlobalSection(ProjectConfigurationPlatforms) = postSolution
		{2C3C0918-1D06-4822-90E5-909381AE3EF0}.Debug|Any CPU.ActiveCfg = Debug|Any CPU
		{2C3C0918-1D06-4822-90E5-909381AE3EF0}.Debug|Any CPU.Build.0 = Debug|Any CPU
		{2C3C0918-1D06-4822-90E5-909381AE3EF0}.Release|Any CPU.ActiveCfg = Release|Any CPU
		{2C3C0918-1D06-4822-90E5-909381AE3EF0}.Release|Any CPU.Build.0 = Release|Any CPU
	EndGlobalSection
	GlobalSection(SolutionProperties) = preSolution
		HideSolutionNode = FALSE
	EndGlobalSection
	GlobalSection(ExtensibilityGlobals) = postSolution
		SolutionGuid = {2B17B16A-EEE5-44DC-9CE8-9CABE7D30393}
	EndGlobalSection
EndGlobal
